// !$*UTF8*$!
{
	archiveVersion = 1;
	classes = {
	};
	objectVersion = 55;
	objects = {

/* Begin PBXBuildFile section */
		144D204428CEA96E003D9A1B /* AppDelegate.swift in Sources */ = {isa = PBXBuildFile; fileRef = 144D204328CEA96E003D9A1B /* AppDelegate.swift */; };
		144D204628CEA96E003D9A1B /* SceneDelegate.swift in Sources */ = {isa = PBXBuildFile; fileRef = 144D204528CEA96E003D9A1B /* SceneDelegate.swift */; };
		144D204828CEA96E003D9A1B /* ViewController.swift in Sources */ = {isa = PBXBuildFile; fileRef = 144D204728CEA96E003D9A1B /* ViewController.swift */; };
		144D204E28CEA96E003D9A1B /* TestMoview.xcdatamodeld in Sources */ = {isa = PBXBuildFile; fileRef = 144D204C28CEA96E003D9A1B /* TestMoview.xcdatamodeld */; };
		144D205028CEA970003D9A1B /* Assets.xcassets in Resources */ = {isa = PBXBuildFile; fileRef = 144D204F28CEA970003D9A1B /* Assets.xcassets */; };
		144D205328CEA970003D9A1B /* LaunchScreen.storyboard in Resources */ = {isa = PBXBuildFile; fileRef = 144D205128CEA970003D9A1B /* LaunchScreen.storyboard */; };
		144D205F28CEA9C7003D9A1B /* DetailMovieViewController.swift in Sources */ = {isa = PBXBuildFile; fileRef = 144D205B28CEA9C7003D9A1B /* DetailMovieViewController.swift */; };
		144D206028CEA9C7003D9A1B /* LoginViewController.swift in Sources */ = {isa = PBXBuildFile; fileRef = 144D205C28CEA9C7003D9A1B /* LoginViewController.swift */; };
		144D206128CEA9C7003D9A1B /* MainViewController.swift in Sources */ = {isa = PBXBuildFile; fileRef = 144D205D28CEA9C7003D9A1B /* MainViewController.swift */; };
		144D206228CEA9C7003D9A1B /* ProfileViewController.swift in Sources */ = {isa = PBXBuildFile; fileRef = 144D205E28CEA9C7003D9A1B /* ProfileViewController.swift */; };
		144D207428CEA9DA003D9A1B /* Broad.ttf in Resources */ = {isa = PBXBuildFile; fileRef = 144D206428CEA9D9003D9A1B /* Broad.ttf */; };
		144D207528CEA9DA003D9A1B /* SansLight.ttf in Resources */ = {isa = PBXBuildFile; fileRef = 144D206528CEA9D9003D9A1B /* SansLight.ttf */; };
		144D207628CEA9DA003D9A1B /* SansLight_Bold.ttf in Resources */ = {isa = PBXBuildFile; fileRef = 144D206628CEA9D9003D9A1B /* SansLight_Bold.ttf */; };
		144D207728CEA9DA003D9A1B /* Serif.ttf in Resources */ = {isa = PBXBuildFile; fileRef = 144D206728CEA9D9003D9A1B /* Serif.ttf */; };
		144D207828CEA9DA003D9A1B /* Error.swift in Sources */ = {isa = PBXBuildFile; fileRef = 144D206928CEA9D9003D9A1B /* Error.swift */; };
		144D207928CEA9DA003D9A1B /* Authorize.swift in Sources */ = {isa = PBXBuildFile; fileRef = 144D206A28CEA9D9003D9A1B /* Authorize.swift */; };
		144D207A28CEA9DA003D9A1B /* Movies.swift in Sources */ = {isa = PBXBuildFile; fileRef = 144D206B28CEA9D9003D9A1B /* Movies.swift */; };
		144D207B28CEA9DA003D9A1B /* Token.swift in Sources */ = {isa = PBXBuildFile; fileRef = 144D206C28CEA9D9003D9A1B /* Token.swift */; };
		144D207C28CEA9DA003D9A1B /* HttpRequest.swift in Sources */ = {isa = PBXBuildFile; fileRef = 144D206E28CEA9D9003D9A1B /* HttpRequest.swift */; };
		144D207D28CEA9DA003D9A1B /* HttpStatusCode.swift in Sources */ = {isa = PBXBuildFile; fileRef = 144D206F28CEA9D9003D9A1B /* HttpStatusCode.swift */; };
		144D207E28CEA9DA003D9A1B /* RequestAction.swift in Sources */ = {isa = PBXBuildFile; fileRef = 144D207028CEA9D9003D9A1B /* RequestAction.swift */; };
		144D207F28CEA9DA003D9A1B /* KeychainService.swift in Sources */ = {isa = PBXBuildFile; fileRef = 144D207228CEA9DA003D9A1B /* KeychainService.swift */; };
		144D208028CEA9DA003D9A1B /* Prueba.swift in Sources */ = {isa = PBXBuildFile; fileRef = 144D207328CEA9DA003D9A1B /* Prueba.swift */; };
		144D208728CEAA06003D9A1B /* NavBarView.swift in Sources */ = {isa = PBXBuildFile; fileRef = 144D208228CEAA06003D9A1B /* NavBarView.swift */; };
		144D208828CEAA06003D9A1B /* LoginTextField.swift in Sources */ = {isa = PBXBuildFile; fileRef = 144D208328CEAA06003D9A1B /* LoginTextField.swift */; };
		144D208928CEAA06003D9A1B /* CollectionViewCell.swift in Sources */ = {isa = PBXBuildFile; fileRef = 144D208428CEAA06003D9A1B /* CollectionViewCell.swift */; };
		144D208A28CEAA06003D9A1B /* CollectionViewLayout.swift in Sources */ = {isa = PBXBuildFile; fileRef = 144D208528CEAA06003D9A1B /* CollectionViewLayout.swift */; };
		144D208B28CEAA06003D9A1B /* TableViewCell.swift in Sources */ = {isa = PBXBuildFile; fileRef = 144D208628CEAA06003D9A1B /* TableViewCell.swift */; };
		144D208D28CEAA18003D9A1B /* UIFont+extensions.swift in Sources */ = {isa = PBXBuildFile; fileRef = 144D208C28CEAA18003D9A1B /* UIFont+extensions.swift */; };
		144D208F28CEAA2F003D9A1B /* Constraints.swift in Sources */ = {isa = PBXBuildFile; fileRef = 144D208E28CEAA2F003D9A1B /* Constraints.swift */; };
		14A5350328CEAB310020010E /* Kingfisher in Frameworks */ = {isa = PBXBuildFile; productRef = 14A5350228CEAB310020010E /* Kingfisher */; };
		14B9671128CEB789006CB5C6 /* HudView.swift in Sources */ = {isa = PBXBuildFile; fileRef = 14B9671028CEB789006CB5C6 /* HudView.swift */; };
		14B9671328CECC77006CB5C6 /* CoreDataService.swift in Sources */ = {isa = PBXBuildFile; fileRef = 14B9671228CECC77006CB5C6 /* CoreDataService.swift */; };
/* End PBXBuildFile section */

/* Begin PBXFileReference section */
		144D204028CEA96E003D9A1B /* TestMoview.app */ = {isa = PBXFileReference; explicitFileType = wrapper.application; includeInIndex = 0; path = TestMoview.app; sourceTree = BUILT_PRODUCTS_DIR; };
		144D204328CEA96E003D9A1B /* AppDelegate.swift */ = {isa = PBXFileReference; lastKnownFileType = sourcecode.swift; path = AppDelegate.swift; sourceTree = "<group>"; };
		144D204528CEA96E003D9A1B /* SceneDelegate.swift */ = {isa = PBXFileReference; lastKnownFileType = sourcecode.swift; path = SceneDelegate.swift; sourceTree = "<group>"; };
		144D204728CEA96E003D9A1B /* ViewController.swift */ = {isa = PBXFileReference; lastKnownFileType = sourcecode.swift; path = ViewController.swift; sourceTree = "<group>"; };
		144D204D28CEA96E003D9A1B /* TestMoview.xcdatamodel */ = {isa = PBXFileReference; lastKnownFileType = wrapper.xcdatamodel; path = TestMoview.xcdatamodel; sourceTree = "<group>"; };
		144D204F28CEA970003D9A1B /* Assets.xcassets */ = {isa = PBXFileReference; lastKnownFileType = folder.assetcatalog; path = Assets.xcassets; sourceTree = "<group>"; };
		144D205228CEA970003D9A1B /* Base */ = {isa = PBXFileReference; lastKnownFileType = file.storyboard; name = Base; path = Base.lproj/LaunchScreen.storyboard; sourceTree = "<group>"; };
		144D205428CEA970003D9A1B /* Info.plist */ = {isa = PBXFileReference; lastKnownFileType = text.plist.xml; path = Info.plist; sourceTree = "<group>"; };
		144D205B28CEA9C7003D9A1B /* DetailMovieViewController.swift */ = {isa = PBXFileReference; fileEncoding = 4; lastKnownFileType = sourcecode.swift; path = DetailMovieViewController.swift; sourceTree = "<group>"; };
		144D205C28CEA9C7003D9A1B /* LoginViewController.swift */ = {isa = PBXFileReference; fileEncoding = 4; lastKnownFileType = sourcecode.swift; path = LoginViewController.swift; sourceTree = "<group>"; };
		144D205D28CEA9C7003D9A1B /* MainViewController.swift */ = {isa = PBXFileReference; fileEncoding = 4; lastKnownFileType = sourcecode.swift; path = MainViewController.swift; sourceTree = "<group>"; };
		144D205E28CEA9C7003D9A1B /* ProfileViewController.swift */ = {isa = PBXFileReference; fileEncoding = 4; lastKnownFileType = sourcecode.swift; path = ProfileViewController.swift; sourceTree = "<group>"; };
		144D206428CEA9D9003D9A1B /* Broad.ttf */ = {isa = PBXFileReference; lastKnownFileType = file; path = Broad.ttf; sourceTree = "<group>"; };
		144D206528CEA9D9003D9A1B /* SansLight.ttf */ = {isa = PBXFileReference; lastKnownFileType = file; path = SansLight.ttf; sourceTree = "<group>"; };
		144D206628CEA9D9003D9A1B /* SansLight_Bold.ttf */ = {isa = PBXFileReference; lastKnownFileType = file; path = SansLight_Bold.ttf; sourceTree = "<group>"; };
		144D206728CEA9D9003D9A1B /* Serif.ttf */ = {isa = PBXFileReference; lastKnownFileType = file; path = Serif.ttf; sourceTree = "<group>"; };
		144D206928CEA9D9003D9A1B /* Error.swift */ = {isa = PBXFileReference; fileEncoding = 4; lastKnownFileType = sourcecode.swift; path = Error.swift; sourceTree = "<group>"; };
		144D206A28CEA9D9003D9A1B /* Authorize.swift */ = {isa = PBXFileReference; fileEncoding = 4; lastKnownFileType = sourcecode.swift; path = Authorize.swift; sourceTree = "<group>"; };
		144D206B28CEA9D9003D9A1B /* Movies.swift */ = {isa = PBXFileReference; fileEncoding = 4; lastKnownFileType = sourcecode.swift; path = Movies.swift; sourceTree = "<group>"; };
		144D206C28CEA9D9003D9A1B /* Token.swift */ = {isa = PBXFileReference; fileEncoding = 4; lastKnownFileType = sourcecode.swift; path = Token.swift; sourceTree = "<group>"; };
		144D206E28CEA9D9003D9A1B /* HttpRequest.swift */ = {isa = PBXFileReference; fileEncoding = 4; lastKnownFileType = sourcecode.swift; path = HttpRequest.swift; sourceTree = "<group>"; };
		144D206F28CEA9D9003D9A1B /* HttpStatusCode.swift */ = {isa = PBXFileReference; fileEncoding = 4; lastKnownFileType = sourcecode.swift; path = HttpStatusCode.swift; sourceTree = "<group>"; };
		144D207028CEA9D9003D9A1B /* RequestAction.swift */ = {isa = PBXFileReference; fileEncoding = 4; lastKnownFileType = sourcecode.swift; path = RequestAction.swift; sourceTree = "<group>"; };
		144D207228CEA9DA003D9A1B /* KeychainService.swift */ = {isa = PBXFileReference; fileEncoding = 4; lastKnownFileType = sourcecode.swift; path = KeychainService.swift; sourceTree = "<group>"; };
		144D207328CEA9DA003D9A1B /* Prueba.swift */ = {isa = PBXFileReference; fileEncoding = 4; lastKnownFileType = sourcecode.swift; path = Prueba.swift; sourceTree = "<group>"; };
		144D208228CEAA06003D9A1B /* NavBarView.swift */ = {isa = PBXFileReference; fileEncoding = 4; lastKnownFileType = sourcecode.swift; path = NavBarView.swift; sourceTree = "<group>"; };
		144D208328CEAA06003D9A1B /* LoginTextField.swift */ = {isa = PBXFileReference; fileEncoding = 4; lastKnownFileType = sourcecode.swift; path = LoginTextField.swift; sourceTree = "<group>"; };
		144D208428CEAA06003D9A1B /* CollectionViewCell.swift */ = {isa = PBXFileReference; fileEncoding = 4; lastKnownFileType = sourcecode.swift; path = CollectionViewCell.swift; sourceTree = "<group>"; };
		144D208528CEAA06003D9A1B /* CollectionViewLayout.swift */ = {isa = PBXFileReference; fileEncoding = 4; lastKnownFileType = sourcecode.swift; path = CollectionViewLayout.swift; sourceTree = "<group>"; };
		144D208628CEAA06003D9A1B /* TableViewCell.swift */ = {isa = PBXFileReference; fileEncoding = 4; lastKnownFileType = sourcecode.swift; path = TableViewCell.swift; sourceTree = "<group>"; };
		144D208C28CEAA18003D9A1B /* UIFont+extensions.swift */ = {isa = PBXFileReference; fileEncoding = 4; lastKnownFileType = sourcecode.swift; path = "UIFont+extensions.swift"; sourceTree = "<group>"; };
		144D208E28CEAA2F003D9A1B /* Constraints.swift */ = {isa = PBXFileReference; fileEncoding = 4; lastKnownFileType = sourcecode.swift; path = Constraints.swift; sourceTree = "<group>"; };
		14B9671028CEB789006CB5C6 /* HudView.swift */ = {isa = PBXFileReference; fileEncoding = 4; lastKnownFileType = sourcecode.swift; path = HudView.swift; sourceTree = "<group>"; };
		14B9671228CECC77006CB5C6 /* CoreDataService.swift */ = {isa = PBXFileReference; fileEncoding = 4; lastKnownFileType = sourcecode.swift; path = CoreDataService.swift; sourceTree = "<group>"; };
/* End PBXFileReference section */

/* Begin PBXFrameworksBuildPhase section */
		144D203D28CEA96E003D9A1B /* Frameworks */ = {
			isa = PBXFrameworksBuildPhase;
			buildActionMask = 2147483647;
			files = (
				14A5350328CEAB310020010E /* Kingfisher in Frameworks */,
			);
			runOnlyForDeploymentPostprocessing = 0;
		};
/* End PBXFrameworksBuildPhase section */

/* Begin PBXGroup section */
		144D203728CEA96E003D9A1B = {
			isa = PBXGroup;
			children = (
				144D204228CEA96E003D9A1B /* TestMoview */,
				144D204128CEA96E003D9A1B /* Products */,
			);
			sourceTree = "<group>";
		};
		144D204128CEA96E003D9A1B /* Products */ = {
			isa = PBXGroup;
			children = (
				144D204028CEA96E003D9A1B /* TestMoview.app */,
			);
			name = Products;
			sourceTree = "<group>";
		};
		144D204228CEA96E003D9A1B /* TestMoview */ = {
			isa = PBXGroup;
			children = (
				144D208E28CEAA2F003D9A1B /* Constraints.swift */,
				144D208C28CEAA18003D9A1B /* UIFont+extensions.swift */,
				144D208128CEA9EC003D9A1B /* view */,
				144D206328CEA9D9003D9A1B /* Font */,
				144D206828CEA9D9003D9A1B /* Model */,
				144D206D28CEA9D9003D9A1B /* Network */,
				144D207128CEA9DA003D9A1B /* Sesion */,
				144D205A28CEA9B1003D9A1B /* controller */,
				144D204328CEA96E003D9A1B /* AppDelegate.swift */,
				144D204528CEA96E003D9A1B /* SceneDelegate.swift */,
				144D204728CEA96E003D9A1B /* ViewController.swift */,
				144D204F28CEA970003D9A1B /* Assets.xcassets */,
				144D205128CEA970003D9A1B /* LaunchScreen.storyboard */,
				144D205428CEA970003D9A1B /* Info.plist */,
				144D204C28CEA96E003D9A1B /* TestMoview.xcdatamodeld */,
			);
			path = TestMoview;
			sourceTree = "<group>";
		};
		144D205A28CEA9B1003D9A1B /* controller */ = {
			isa = PBXGroup;
			children = (
				144D205B28CEA9C7003D9A1B /* DetailMovieViewController.swift */,
				144D205C28CEA9C7003D9A1B /* LoginViewController.swift */,
				144D205D28CEA9C7003D9A1B /* MainViewController.swift */,
				144D205E28CEA9C7003D9A1B /* ProfileViewController.swift */,
			);
			path = controller;
			sourceTree = "<group>";
		};
		144D206328CEA9D9003D9A1B /* Font */ = {
			isa = PBXGroup;
			children = (
				144D206428CEA9D9003D9A1B /* Broad.ttf */,
				144D206528CEA9D9003D9A1B /* SansLight.ttf */,
				144D206628CEA9D9003D9A1B /* SansLight_Bold.ttf */,
				144D206728CEA9D9003D9A1B /* Serif.ttf */,
			);
			path = Font;
			sourceTree = "<group>";
		};
		144D206828CEA9D9003D9A1B /* Model */ = {
			isa = PBXGroup;
			children = (
				144D206928CEA9D9003D9A1B /* Error.swift */,
				144D206A28CEA9D9003D9A1B /* Authorize.swift */,
				144D206B28CEA9D9003D9A1B /* Movies.swift */,
				144D206C28CEA9D9003D9A1B /* Token.swift */,
			);
			path = Model;
			sourceTree = "<group>";
		};
		144D206D28CEA9D9003D9A1B /* Network */ = {
			isa = PBXGroup;
			children = (
				144D206E28CEA9D9003D9A1B /* HttpRequest.swift */,
				144D206F28CEA9D9003D9A1B /* HttpStatusCode.swift */,
				144D207028CEA9D9003D9A1B /* RequestAction.swift */,
			);
			path = Network;
			sourceTree = "<group>";
		};
		144D207128CEA9DA003D9A1B /* Sesion */ = {
			isa = PBXGroup;
			children = (
				14B9671228CECC77006CB5C6 /* CoreDataService.swift */,
				144D207228CEA9DA003D9A1B /* KeychainService.swift */,
				144D207328CEA9DA003D9A1B /* Prueba.swift */,
			);
			path = Sesion;
			sourceTree = "<group>";
		};
		144D208128CEA9EC003D9A1B /* view */ = {
			isa = PBXGroup;
			children = (
				14B9671028CEB789006CB5C6 /* HudView.swift */,
				144D208428CEAA06003D9A1B /* CollectionViewCell.swift */,
				144D208528CEAA06003D9A1B /* CollectionViewLayout.swift */,
				144D208328CEAA06003D9A1B /* LoginTextField.swift */,
				144D208228CEAA06003D9A1B /* NavBarView.swift */,
				144D208628CEAA06003D9A1B /* TableViewCell.swift */,
			);
			path = view;
			sourceTree = "<group>";
		};
/* End PBXGroup section */

/* Begin PBXNativeTarget section */
		144D203F28CEA96E003D9A1B /* TestMoview */ = {
			isa = PBXNativeTarget;
			buildConfigurationList = 144D205728CEA970003D9A1B /* Build configuration list for PBXNativeTarget "TestMoview" */;
			buildPhases = (
				144D203C28CEA96E003D9A1B /* Sources */,
				144D203D28CEA96E003D9A1B /* Frameworks */,
				144D203E28CEA96E003D9A1B /* Resources */,
			);
			buildRules = (
			);
			dependencies = (
			);
			name = TestMoview;
			packageProductDependencies = (
				14A5350228CEAB310020010E /* Kingfisher */,
			);
			productName = TestMoview;
			productReference = 144D204028CEA96E003D9A1B /* TestMoview.app */;
			productType = "com.apple.product-type.application";
		};
/* End PBXNativeTarget section */

/* Begin PBXProject section */
		144D203828CEA96E003D9A1B /* Project object */ = {
			isa = PBXProject;
			attributes = {
				BuildIndependentTargetsInParallel = 1;
				LastSwiftUpdateCheck = 1340;
				LastUpgradeCheck = 1340;
				TargetAttributes = {
					144D203F28CEA96E003D9A1B = {
						CreatedOnToolsVersion = 13.4.1;
					};
				};
			};
			buildConfigurationList = 144D203B28CEA96E003D9A1B /* Build configuration list for PBXProject "TestMoview" */;
			compatibilityVersion = "Xcode 13.0";
			developmentRegion = en;
			hasScannedForEncodings = 0;
			knownRegions = (
				en,
				Base,
			);
			mainGroup = 144D203728CEA96E003D9A1B;
			packageReferences = (
				14A5350128CEAB310020010E /* XCRemoteSwiftPackageReference "Kingfisher" */,
			);
			productRefGroup = 144D204128CEA96E003D9A1B /* Products */;
			projectDirPath = "";
			projectRoot = "";
			targets = (
				144D203F28CEA96E003D9A1B /* TestMoview */,
			);
		};
/* End PBXProject section */

/* Begin PBXResourcesBuildPhase section */
		144D203E28CEA96E003D9A1B /* Resources */ = {
			isa = PBXResourcesBuildPhase;
			buildActionMask = 2147483647;
			files = (
				144D207528CEA9DA003D9A1B /* SansLight.ttf in Resources */,
				144D205328CEA970003D9A1B /* LaunchScreen.storyboard in Resources */,
				144D207428CEA9DA003D9A1B /* Broad.ttf in Resources */,
				144D207728CEA9DA003D9A1B /* Serif.ttf in Resources */,
				144D205028CEA970003D9A1B /* Assets.xcassets in Resources */,
				144D207628CEA9DA003D9A1B /* SansLight_Bold.ttf in Resources */,
			);
			runOnlyForDeploymentPostprocessing = 0;
		};
/* End PBXResourcesBuildPhase section */

/* Begin PBXSourcesBuildPhase section */
		144D203C28CEA96E003D9A1B /* Sources */ = {
			isa = PBXSourcesBuildPhase;
			buildActionMask = 2147483647;
			files = (
				144D206128CEA9C7003D9A1B /* MainViewController.swift in Sources */,
				144D207A28CEA9DA003D9A1B /* Movies.swift in Sources */,
				144D206028CEA9C7003D9A1B /* LoginViewController.swift in Sources */,
				144D208A28CEAA06003D9A1B /* CollectionViewLayout.swift in Sources */,
				144D208F28CEAA2F003D9A1B /* Constraints.swift in Sources */,
				144D207B28CEA9DA003D9A1B /* Token.swift in Sources */,
				144D208728CEAA06003D9A1B /* NavBarView.swift in Sources */,
				144D208028CEA9DA003D9A1B /* Prueba.swift in Sources */,
				144D204828CEA96E003D9A1B /* ViewController.swift in Sources */,
				144D207C28CEA9DA003D9A1B /* HttpRequest.swift in Sources */,
				144D207E28CEA9DA003D9A1B /* RequestAction.swift in Sources */,
				144D207D28CEA9DA003D9A1B /* HttpStatusCode.swift in Sources */,
				144D208928CEAA06003D9A1B /* CollectionViewCell.swift in Sources */,
				144D204428CEA96E003D9A1B /* AppDelegate.swift in Sources */,
				14B9671328CECC77006CB5C6 /* CoreDataService.swift in Sources */,
				144D204E28CEA96E003D9A1B /* TestMoview.xcdatamodeld in Sources */,
				144D207928CEA9DA003D9A1B /* Authorize.swift in Sources */,
				144D205F28CEA9C7003D9A1B /* DetailMovieViewController.swift in Sources */,
				144D206228CEA9C7003D9A1B /* ProfileViewController.swift in Sources */,
				144D208D28CEAA18003D9A1B /* UIFont+extensions.swift in Sources */,
				144D208B28CEAA06003D9A1B /* TableViewCell.swift in Sources */,
				144D207F28CEA9DA003D9A1B /* KeychainService.swift in Sources */,
				14B9671128CEB789006CB5C6 /* HudView.swift in Sources */,
				144D207828CEA9DA003D9A1B /* Error.swift in Sources */,
				144D204628CEA96E003D9A1B /* SceneDelegate.swift in Sources */,
				144D208828CEAA06003D9A1B /* LoginTextField.swift in Sources */,
			);
			runOnlyForDeploymentPostprocessing = 0;
		};
/* End PBXSourcesBuildPhase section */

/* Begin PBXVariantGroup section */
		144D205128CEA970003D9A1B /* LaunchScreen.storyboard */ = {
			isa = PBXVariantGroup;
			children = (
				144D205228CEA970003D9A1B /* Base */,
			);
			name = LaunchScreen.storyboard;
			sourceTree = "<group>";
		};
/* End PBXVariantGroup section */

/* Begin XCBuildConfiguration section */
		144D205528CEA970003D9A1B /* Debug */ = {
			isa = XCBuildConfiguration;
			buildSettings = {
				ALWAYS_SEARCH_USER_PATHS = NO;
				CLANG_ANALYZER_NONNULL = YES;
				CLANG_ANALYZER_NUMBER_OBJECT_CONVERSION = YES_AGGRESSIVE;
				CLANG_CXX_LANGUAGE_STANDARD = "gnu++17";
				CLANG_ENABLE_MODULES = YES;
				CLANG_ENABLE_OBJC_ARC = YES;
				CLANG_ENABLE_OBJC_WEAK = YES;
				CLANG_WARN_BLOCK_CAPTURE_AUTORELEASING = YES;
				CLANG_WARN_BOOL_CONVERSION = YES;
				CLANG_WARN_COMMA = YES;
				CLANG_WARN_CONSTANT_CONVERSION = YES;
				CLANG_WARN_DEPRECATED_OBJC_IMPLEMENTATIONS = YES;
				CLANG_WARN_DIRECT_OBJC_ISA_USAGE = YES_ERROR;
				CLANG_WARN_DOCUMENTATION_COMMENTS = YES;
				CLANG_WARN_EMPTY_BODY = YES;
				CLANG_WARN_ENUM_CONVERSION = YES;
				CLANG_WARN_INFINITE_RECURSION = YES;
				CLANG_WARN_INT_CONVERSION = YES;
				CLANG_WARN_NON_LITERAL_NULL_CONVERSION = YES;
				CLANG_WARN_OBJC_IMPLICIT_RETAIN_SELF = YES;
				CLANG_WARN_OBJC_LITERAL_CONVERSION = YES;
				CLANG_WARN_OBJC_ROOT_CLASS = YES_ERROR;
				CLANG_WARN_QUOTED_INCLUDE_IN_FRAMEWORK_HEADER = YES;
				CLANG_WARN_RANGE_LOOP_ANALYSIS = YES;
				CLANG_WARN_STRICT_PROTOTYPES = YES;
				CLANG_WARN_SUSPICIOUS_MOVE = YES;
				CLANG_WARN_UNGUARDED_AVAILABILITY = YES_AGGRESSIVE;
				CLANG_WARN_UNREACHABLE_CODE = YES;
				CLANG_WARN__DUPLICATE_METHOD_MATCH = YES;
				COPY_PHASE_STRIP = NO;
				DEBUG_INFORMATION_FORMAT = dwarf;
				ENABLE_STRICT_OBJC_MSGSEND = YES;
				ENABLE_TESTABILITY = YES;
				GCC_C_LANGUAGE_STANDARD = gnu11;
				GCC_DYNAMIC_NO_PIC = NO;
				GCC_NO_COMMON_BLOCKS = YES;
				GCC_OPTIMIZATION_LEVEL = 0;
				GCC_PREPROCESSOR_DEFINITIONS = (
					"DEBUG=1",
					"$(inherited)",
				);
				GCC_WARN_64_TO_32_BIT_CONVERSION = YES;
				GCC_WARN_ABOUT_RETURN_TYPE = YES_ERROR;
				GCC_WARN_UNDECLARED_SELECTOR = YES;
				GCC_WARN_UNINITIALIZED_AUTOS = YES_AGGRESSIVE;
				GCC_WARN_UNUSED_FUNCTION = YES;
				GCC_WARN_UNUSED_VARIABLE = YES;
				IPHONEOS_DEPLOYMENT_TARGET = 15.5;
				MTL_ENABLE_DEBUG_INFO = INCLUDE_SOURCE;
				MTL_FAST_MATH = YES;
				ONLY_ACTIVE_ARCH = YES;
				SDKROOT = iphoneos;
				SWIFT_ACTIVE_COMPILATION_CONDITIONS = DEBUG;
				SWIFT_OPTIMIZATION_LEVEL = "-Onone";
			};
			name = Debug;
		};
		144D205628CEA970003D9A1B /* Release */ = {
			isa = XCBuildConfiguration;
			buildSettings = {
				ALWAYS_SEARCH_USER_PATHS = NO;
				CLANG_ANALYZER_NONNULL = YES;
				CLANG_ANALYZER_NUMBER_OBJECT_CONVERSION = YES_AGGRESSIVE;
				CLANG_CXX_LANGUAGE_STANDARD = "gnu++17";
				CLANG_ENABLE_MODULES = YES;
				CLANG_ENABLE_OBJC_ARC = YES;
				CLANG_ENABLE_OBJC_WEAK = YES;
				CLANG_WARN_BLOCK_CAPTURE_AUTORELEASING = YES;
				CLANG_WARN_BOOL_CONVERSION = YES;
				CLANG_WARN_COMMA = YES;
				CLANG_WARN_CONSTANT_CONVERSION = YES;
				CLANG_WARN_DEPRECATED_OBJC_IMPLEMENTATIONS = YES;
				CLANG_WARN_DIRECT_OBJC_ISA_USAGE = YES_ERROR;
				CLANG_WARN_DOCUMENTATION_COMMENTS = YES;
				CLANG_WARN_EMPTY_BODY = YES;
				CLANG_WARN_ENUM_CONVERSION = YES;
				CLANG_WARN_INFINITE_RECURSION = YES;
				CLANG_WARN_INT_CONVERSION = YES;
				CLANG_WARN_NON_LITERAL_NULL_CONVERSION = YES;
				CLANG_WARN_OBJC_IMPLICIT_RETAIN_SELF = YES;
				CLANG_WARN_OBJC_LITERAL_CONVERSION = YES;
				CLANG_WARN_OBJC_ROOT_CLASS = YES_ERROR;
				CLANG_WARN_QUOTED_INCLUDE_IN_FRAMEWORK_HEADER = YES;
				CLANG_WARN_RANGE_LOOP_ANALYSIS = YES;
				CLANG_WARN_STRICT_PROTOTYPES = YES;
				CLANG_WARN_SUSPICIOUS_MOVE = YES;
				CLANG_WARN_UNGUARDED_AVAILABILITY = YES_AGGRESSIVE;
				CLANG_WARN_UNREACHABLE_CODE = YES;
				CLANG_WARN__DUPLICATE_METHOD_MATCH = YES;
				COPY_PHASE_STRIP = NO;
				DEBUG_INFORMATION_FORMAT = "dwarf-with-dsym";
				ENABLE_NS_ASSERTIONS = NO;
				ENABLE_STRICT_OBJC_MSGSEND = YES;
				GCC_C_LANGUAGE_STANDARD = gnu11;
				GCC_NO_COMMON_BLOCKS = YES;
				GCC_WARN_64_TO_32_BIT_CONVERSION = YES;
				GCC_WARN_ABOUT_RETURN_TYPE = YES_ERROR;
				GCC_WARN_UNDECLARED_SELECTOR = YES;
				GCC_WARN_UNINITIALIZED_AUTOS = YES_AGGRESSIVE;
				GCC_WARN_UNUSED_FUNCTION = YES;
				GCC_WARN_UNUSED_VARIABLE = YES;
				IPHONEOS_DEPLOYMENT_TARGET = 15.5;
				MTL_ENABLE_DEBUG_INFO = NO;
				MTL_FAST_MATH = YES;
				SDKROOT = iphoneos;
				SWIFT_COMPILATION_MODE = wholemodule;
				SWIFT_OPTIMIZATION_LEVEL = "-O";
				VALIDATE_PRODUCT = YES;
			};
			name = Release;
		};
		144D205828CEA970003D9A1B /* Debug */ = {
			isa = XCBuildConfiguration;
			buildSettings = {
				ASSETCATALOG_COMPILER_APPICON_NAME = AppIcon;
				ASSETCATALOG_COMPILER_GLOBAL_ACCENT_COLOR_NAME = AccentColor;
				CODE_SIGN_STYLE = Automatic;
				CURRENT_PROJECT_VERSION = 1;
				DEVELOPMENT_TEAM = 732UMA6W78;
				GENERATE_INFOPLIST_FILE = YES;
				INFOPLIST_FILE = TestMoview/Info.plist;
				INFOPLIST_KEY_UIApplicationSupportsIndirectInputEvents = YES;
				INFOPLIST_KEY_UILaunchStoryboardName = LaunchScreen;
				INFOPLIST_KEY_UISupportedInterfaceOrientations_iPad = "UIInterfaceOrientationPortrait UIInterfaceOrientationPortraitUpsideDown UIInterfaceOrientationLandscapeLeft UIInterfaceOrientationLandscapeRight";
				INFOPLIST_KEY_UISupportedInterfaceOrientations_iPhone = "UIInterfaceOrientationPortrait UIInterfaceOrientationLandscapeLeft UIInterfaceOrientationLandscapeRight";
				LD_RUNPATH_SEARCH_PATHS = (
					"$(inherited)",
					"@executable_path/Frameworks",
				);
				MARKETING_VERSION = 1.0;
				PRODUCT_BUNDLE_IDENTIFIER = mx.com.pruebaTrabajo.TestMoview;
				PRODUCT_NAME = "$(TARGET_NAME)";
				SWIFT_EMIT_LOC_STRINGS = YES;
				SWIFT_VERSION = 5.0;
				TARGETED_DEVICE_FAMILY = "1,2";
			};
			name = Debug;
		};
		144D205928CEA970003D9A1B /* Release */ = {
			isa = XCBuildConfiguration;
			buildSettings = {
				ASSETCATALOG_COMPILER_APPICON_NAME = AppIcon;
				ASSETCATALOG_COMPILER_GLOBAL_ACCENT_COLOR_NAME = AccentColor;
				CODE_SIGN_STYLE = Automatic;
				CURRENT_PROJECT_VERSION = 1;
				DEVELOPMENT_TEAM = 732UMA6W78;
				GENERATE_INFOPLIST_FILE = YES;
				INFOPLIST_FILE = TestMoview/Info.plist;
				INFOPLIST_KEY_UIApplicationSupportsIndirectInputEvents = YES;
				INFOPLIST_KEY_UILaunchStoryboardName = LaunchScreen;
				INFOPLIST_KEY_UISupportedInterfaceOrientations_iPad = "UIInterfaceOrientationPortrait UIInterfaceOrientationPortraitUpsideDown UIInterfaceOrientationLandscapeLeft UIInterfaceOrientationLandscapeRight";
				INFOPLIST_KEY_UISupportedInterfaceOrientations_iPhone = "UIInterfaceOrientationPortrait UIInterfaceOrientationLandscapeLeft UIInterfaceOrientationLandscapeRight";
				LD_RUNPATH_SEARCH_PATHS = (
					"$(inherited)",
					"@executable_path/Frameworks",
				);
				MARKETING_VERSION = 1.0;
				PRODUCT_BUNDLE_IDENTIFIER = mx.com.pruebaTrabajo.TestMoview;
				PRODUCT_NAME = "$(TARGET_NAME)";
				SWIFT_EMIT_LOC_STRINGS = YES;
				SWIFT_VERSION = 5.0;
				TARGETED_DEVICE_FAMILY = "1,2";
			};
			name = Release;
		};
/* End XCBuildConfiguration section */

/* Begin XCConfigurationList section */
		144D203B28CEA96E003D9A1B /* Build configuration list for PBXProject "TestMoview" */ = {
			isa = XCConfigurationList;
			buildConfigurations = (
				144D205528CEA970003D9A1B /* Debug */,
				144D205628CEA970003D9A1B /* Release */,
			);
			defaultConfigurationIsVisible = 0;
			defaultConfigurationName = Release;
		};
		144D205728CEA970003D9A1B /* Build configuration list for PBXNativeTarget "TestMoview" */ = {
			isa = XCConfigurationList;
			buildConfigurations = (
				144D205828CEA970003D9A1B /* Debug */,
				144D205928CEA970003D9A1B /* Release */,
			);
			defaultConfigurationIsVisible = 0;
			defaultConfigurationName = Release;
		};
/* End XCConfigurationList section */

/* Begin XCRemoteSwiftPackageReference section */
		14A5350128CEAB310020010E /* XCRemoteSwiftPackageReference "Kingfisher" */ = {
			isa = XCRemoteSwiftPackageReference;
			repositoryURL = "https://github.com/onevcat/Kingfisher.git";
			requirement = {
				branch = master;
				kind = branch;
			};
		};
/* End XCRemoteSwiftPackageReference section */

/* Begin XCSwiftPackageProductDependency section */
		14A5350228CEAB310020010E /* Kingfisher */ = {
			isa = XCSwiftPackageProductDependency;
			package = 14A5350128CEAB310020010E /* XCRemoteSwiftPackageReference "Kingfisher" */;
			productName = Kingfisher;
		};
/* End XCSwiftPackageProductDependency section */

/* Begin XCVersionGroup section */
		144D204C28CEA96E003D9A1B /* TestMoview.xcdatamodeld */ = {
			isa = XCVersionGroup;
			children = (
				144D204D28CEA96E003D9A1B /* TestMoview.xcdatamodel */,
			);
			currentVersion = 144D204D28CEA96E003D9A1B /* TestMoview.xcdatamodel */;
			path = TestMoview.xcdatamodeld;
			sourceTree = "<group>";
			versionGroupType = wrapper.xcdatamodel;
		};
/* End XCVersionGroup section */
	};
	rootObject = 144D203828CEA96E003D9A1B /* Project object */;
}
